github.com/go-mailx/mailx v0.0.0-20260420095452-0a5a46cc0d2c h1:PeFCOfNDa34G2jwlGNXoucCNNcUEEUED0cl8749vNz0=
github.com/go-mailx/mailx v0.0.0-20260420095452-0a5a46cc0d2c/go.mod h1:Z2jHBpcChMeVuMYcHja71tyywxfSt4vVY3aoPbiHOI8=
github.com/go-mailx/mailx-smtp v0.0.0-20260420100453-9dea43fb6287 h1:tmEQsVmhKL1CY/uVCvOGdF72Hd8RphynNvdeZ9bjy8s=
github.com/go-mailx/mailx-smtp v0.0.0-20260420100453-9dea43fb6287/go.mod h1:84Xqwj/lnOxfjJsgBkp3io31hT+KDfx3ijVRYhii1Yg=
github.com/wneessen/go-mail v0.7.2 h1:xxPnhZ6IZLSgxShebmZ6DPKh1b6OJcoHfzy7UjOkzS8=
github.com/wneessen/go-mail v0.7.2/go.mod h1:+TkW6QP3EVkgTEqHtVmnAE/1MRhmzb8Y9/W3pweuS+k=
golang.org/x/text v0.29.0 h1:1neNs90w9YzJ9BocxfsQNHKuAT4pkghyXc4nhZ6sJvk=
golang.org/x/text v0.29.0/go.mod h1:7MhJOA9CD2qZyOKYazxdYMF85OwPdEr9jTtBpO7ydH4=
